{
  "items": {
    "jixoai-theme": {
      "files": {
        "src/lib/jixoai.css": "37c5dc95d5ccf2c9210407483ded104d122832c1c22d289c214f017685d946a4"
      }
    },
    "press-button": {
      "files": {
        "src/lib/ui/press-button/press-button.svelte": "8e69deb6683c96bc70ec1ec9aa60a9f2fe3b43f760737a55f5dc1263aa42777c",
        "src/lib/ui/press-button/index.ts": "b4fb5a75a01dacd560544ccdface257c7f56f6b256b6b616fd2fb01a100869d8",
        "src/lib/ui/press-button/press-button.css": "e17e59591c7ba8cfafe9c675d4f1b43d7b496e122e8d79bbdcd93df000c9f300",
        "src/lib/ui/press-button/ripple.svelte.ts": "f324dc2802cd5737712de62c21bd897290fa8da9356b4c0d1fe4888dbdad815c",
        "src/lib/ui/press-button/press-effect-runtime.ts": "4bec026881e288b74b7abf1005b55a346237d68cafe2bce71d86d9a9fff18bbe",
        "src/lib/ui/press-button/press-button-defaults.svelte.ts": "2b6ec3555115a23e9e6770d4e3129aa0b6221c2a70801fb76b60fd150472d949"
      }
    },
    "card": {
      "files": {
        "src/lib/ui/card/card.svelte": "a3d347b3791fcf319bfcaf79b9ef1373ca5ecf7d19d1e5dce4f2be0a887f73fe",
        "src/lib/ui/card/card-body.svelte": "17e500b5785a761f6da1a18687f57ba9403555fe5e4b3acc477846fdc34f7d47",
        "src/lib/ui/card/card.css": "d7ad961fcf6e2256014546a335075c1731569ea65d92b58c2c0118711dc9895d",
        "src/lib/ui/card/card-header.svelte": "e19f5baed65a60f2de61f03c54bb26a6e70059769a22f19ddb7e7bea7fd4d0f6",
        "src/lib/ui/card/card-footer.svelte": "6da1445ca632100ce9911f2432152441a1660ca4dabf76fc826b20162b0b2c16",
        "src/lib/ui/card/card-footer.css": "7a95f13c93cbde46c02ab1daf4ca943be1bc3bc2b6c0d80cd8703365a448011d",
        "src/lib/ui/card/index.ts": "af967d6bccbd84e5de94036cb56c02c2d091e19a477b76aad66a6d13e1998e87"
      }
    },
    "dialog": {
      "files": {
        "src/lib/ui/dialog/dialog.svelte": "40254b7c8c8bd05e48101630c029e3168df06a282723db870c5750e1081a5a85",
        "src/lib/ui/dialog/index.ts": "6a6dbc4309f45c6cf1bf98b79cf63ebefee11eb2aaa6c7d95e8684c0cc79de00",
        "src/lib/ui/dialog/dialog.css": "835ab8dc0dd919b718dea2a2805891e60b5d0bc025e9b647c0a0d5a19cfd33e2",
        "src/lib/ui/dialog/dialog-defaults.svelte.ts": "b5c0b1f4228d8e1e7b15a9ae47655e85f86f4e0dab95e7ad2f8890e2da412609"
      }
    },
    "input": {
      "files": {
        "src/lib/ui/input/input.svelte": "78797f26bee74c64a1a5ce6ea6610957f411b9fc04ca57b94a67ee15168a8d48",
        "src/lib/ui/input/input.css": "6dd81261c8a0203c5b6674445a7053e4ed0168e7d7cce888397a5922d519f9f2",
        "src/lib/ui/input/index.ts": "73079cbe3af59cb2726892d88268cda5c31e395ed212993e232bd93e6a03b446",
        "src/lib/ui/input/input-defaults.svelte.ts": "c833fa39b789a6595c012046aeb2f974e7c79c124772cbd818d95194f65bc964"
      }
    },
    "select": {
      "files": {
        "src/lib/ui/select/select.svelte": "1e6e03b8da672d53af6ee9a3792c9419e51fce8598da6550f2518f810dbe63dc",
        "src/lib/ui/select/index.ts": "8d703edc1b470302f475fd5bb54b8d490fd824253ae03f6dab0109804af1ed2d",
        "src/lib/ui/select/select.css": "42be549933efd83e067a1a4ca66eabebe7d896320ffd56b04c18deb564617ca8",
        "src/lib/ui/select/select-defaults.svelte.ts": "967f5cdb8d03946a602ce7d6ada4f0b11dc38de32e25aca6cbcc50494ea53d17"
      }
    },
    "tabs": {
      "files": {
        "src/lib/ui/tabs/tabs.svelte": "12e8a4b3f568c8d88c32f581b990a0a1ca75f20c807b50127eb730cc614623aa",
        "src/lib/ui/tabs/tabs-list.svelte": "4c08734239ca135a074bf88b4f3761556c8cf505c548c21c88830a7bbdfea87a",
        "src/lib/ui/tabs/tabs-trigger.svelte": "78ada835e02214032412529ad7efe23d0cc5f516f94a166876f723985e9fe1d0",
        "src/lib/ui/tabs/tabs-content.svelte": "21c714008b34a3a621c4c81c7accf08a9e5f1627f7c8bb38354e5c907786329b",
        "src/lib/ui/tabs/index.ts": "30efa14199e01674b85a01c4a3e68ea3c3b06e2e4345e1dad61ed80a0b22767a",
        "src/lib/ui/tabs/tabs-trigger.css": "89af87e61c52c3d08b47bf576afee412f9488c85130d95ad0208b359ddad7e4b",
        "src/lib/ui/tabs/tabs-defaults.svelte.ts": "2b42171266a980f940c010765df3dbb8c56a2d8a7f80052194ccbf194672d28a"
      }
    },
    "toggle": {
      "files": {
        "src/lib/ui/toggle/toggle.svelte": "052f0257b97d46167faa1885e6e763ff478ff0ab0e026e95ebc07a3785b71e84",
        "src/lib/ui/toggle/index.ts": "b891bb4fffeddefd6342672315acb0c7e4228a7770d91e34a7a026bcd5ba8a00",
        "src/lib/ui/toggle/toggle-defaults.svelte.ts": "35f4476e3252c5b686f2188132c0d47a70bd803e86d4d02c71742f7a00a9eacf"
      }
    },
    "badge": {
      "files": {
        "src/lib/ui/badge/badge.svelte": "0a517c9b0d61f17d602f680faabadae97b71917c1236278e8cb400ccbb419663",
        "src/lib/ui/badge/index.ts": "1df176a052fc1c2ba69038bfc52c626a0f2d9d350f030f93a0e21b1337ea1ba4",
        "src/lib/ui/badge/badge-defaults.svelte.ts": "e0d0f8b7af8124413d13d441c1223899ebf7e47891dcd7484ca7f4ad25e06d9a"
      }
    },
    "alert": {
      "files": {
        "src/lib/ui/alert/alert.svelte": "9262600fa779a619625b4d6671c530963b1e154c4058dbcbcdce788c7e9f858c",
        "src/lib/ui/alert/index.ts": "1bb1f65ccf78a32307d11bd2c36bd98debb2f4e70efdb653e4f90fbd66e1dbde",
        "src/lib/ui/alert/alert.css": "b7748b817fe5f8213baf2b1f81b6278eb0183dea9f8e1769d46314d11946dcb7",
        "src/lib/ui/alert/alert-defaults.svelte.ts": "a84f310758b447d6954d8fe8c238f9a5f33f93b6a1d51804f319e936a9720c71"
      }
    },
    "toast": {
      "files": {
        "src/lib/toast-store.ts": "68e61bed47052cab9efdb62a5dca0fbf429968e06569fe4462ce60e29942ae08",
        "src/lib/ui/toast/toast-viewport.svelte": "1c9056c009ee1f57fd663edde5d8729446f78a7f1d5e47cba95974c3b14f8f5d",
        "src/lib/ui/toast/index.ts": "bf419728de97136338e7474630be1b921d93c303a0dd113d59daac3d28484dbb",
        "src/lib/ui/toast/toast.css": "b84ddb2f5ba7c8669abae6ece75233f4c92675156ef0b623c37cbac5f5eb97ea",
        "src/lib/ui/toast/toast-countdown.svelte": "4c899d76bda3dd6349f3cec512e7650de9914c44e6eb1e893792d7315dc67705",
        "src/lib/ui/toast/toast-dialog.svelte": "f9df6ea72da2b225eed92c12772b509d700b1c2690313cbf5031c30748f90482",
        "src/lib/ui/toast/toast-swipe.ts": "61dab91b2489523d03aa0426b15c348d5d6f66ac0b9b42e0c56554bb1253bb2c",
        "src/lib/ui/toast/toast-defaults.svelte.ts": "92674d875a16dc607456e81fe2b60df0bc9c4d26aae586743d3ca13e07980df0"
      }
    },
    "tooltip": {
      "files": {
        "src/lib/ui/tooltip/tooltip.svelte": "65bfb8ccb62e31b04f1f223c0e915a2e7de5a1f1d959d4ebe09456129c11a13b",
        "src/lib/ui/tooltip/index.ts": "59fcca29298620816fd559a63c8de62915c5169356cb73a3dd0aae9fc2f087b9",
        "src/lib/ui/tooltip/tooltip.css": "337edfd3a5ebd0ceacf92f67d99209c9dca0be4b699a46a9d69c715364cdbc79",
        "src/lib/ui/tooltip/tooltip-defaults.svelte.ts": "da07ce6c07a601fb515e0ec7e2db2b18ca50fbcc700fc63abda3e24c88afa8c1"
      }
    },
    "skeleton": {
      "files": {
        "src/lib/ui/skeleton/skeleton.svelte": "707ba2ca0e5b765c1684f0270e1d1bf699a94321704df5271a14732f6932aeaf",
        "src/lib/ui/skeleton/index.ts": "00d12a3e4a4410b9dd49c0e8d38a12748a6f4735d8f49f4306ed4b26efe00f7d",
        "src/lib/ui/skeleton/skeleton.css": "092b4c79b5db446a435565b5440bdc3310308432f78e367334bfab487db9a711",
        "src/lib/ui/skeleton/skeleton-defaults.svelte.ts": "eb3262e62a2b57605828f6686ff15329749737becf2fd31dbbc2f844ee21c8b1"
      }
    },
    "separator": {
      "files": {
        "src/lib/ui/separator/separator.svelte": "3736920e782aa4c461d4f3de447038aad931856eab9704e6ffd19220b89bbdc5",
        "src/lib/ui/separator/separator.css": "ac2b931815f25d58f3a85b6d2729282f6b70cba969dc0fcdd036dcc0219d1b7c",
        "src/lib/ui/separator/index.ts": "1e1322dcd7f13d0645b237e20759a373bc8055c3b2a4a36172adac7f370b95f3",
        "src/lib/ui/separator/separator-defaults.svelte.ts": "e1edc2f01ecf025856217d6acd1429d270247ea7c9b11e31cb040736ebe6ca99"
      }
    },
    "theme-toggle": {
      "files": {
        "src/lib/ui/theme-toggle/theme-toggle.svelte": "31570981b6498eaeaa8ec182af236f02b0a2f1e2e921dd192decb4b17ad06013",
        "src/lib/ui/theme-toggle/index.ts": "01fb8895e16e5cc43f1ad86706818c11abaf83a75fc8abe8d1577e70a57f55a4",
        "src/lib/ui/theme-toggle/theme-toggle-defaults.svelte.ts": "b77821cf5ffbc6d043ed0a900a907be3e136bcac435606512ac407f3399f15dd"
      }
    },
    "glass": {
      "files": {
        "src/lib/ui/glass/glass.ts": "bf92376e790871abbd0f3c80d8a29253b3fa3ce92d2cdd87e04704bc0869d7c6",
        "src/lib/ui/glass/glass.css": "268eaa364d56faaa5fae3d229ffd99659b642977ea22205ace4cafb7592597b2",
        "src/lib/ui/glass/glass-map.ts": "c7584c964d83b8b549424d2bcc8f07c5b8b8d08fe05550ed958a265072b70c66",
        "src/lib/ui/glass/liquid-glass.svelte.ts": "44001e3d4887a1c42f5aa58cc8c29519783aafca299b4b74d0a8da83e25ecda1",
        "src/lib/ui/glass/index.ts": "e147ad6c0414bd665ff97e8b34bfd4b5072af3bd7a08f3513a21984864f9dbef"
      }
    },
    "icon-button": {
      "files": {
        "src/lib/ui/icon-button/icon-button.svelte": "f52cc14d56aa77c4cb6385cce0ff5cd5ab51000e7c6a010ef19db3dffd5873c7",
        "src/lib/ui/icon-button/index.ts": "2eadcf6ff3cfb941a6ee69aac45bc6b4fc3c71758f17274714bb499c8e41063e",
        "src/lib/ui/icon-button/icon-button-defaults.svelte.ts": "e6c391c8b654ead9abffd2a3252e591b97090db662ed43554495f271f031452f"
      }
    }
  }
}
